
Microsoft Visual Studio Solution File, Format Version 12.00
# Visual Studio Version 17
VisualStudioVersion = 17.1.32328.378
MinimumVisualStudioVersion = 10.0.40219.1
Project("{E24C65DC-7377-472B-9ABA-BC803B73C61A}") = "IniU_Net", ".", "{332C4FAC-B8D4-4B61-815E-98F072048F5D}"
	ProjectSection(WebsiteProperties) = preProject
		TargetFrameworkMoniker = ".NETFramework,Version%3Dv4.7.2"
		Debug.AspNetCompiler.VirtualPath = "/localhost_54501"
		Debug.AspNetCompiler.PhysicalPath = "..\IniU_Net\"
		Debug.AspNetCompiler.TargetPath = "PrecompiledWeb\localhost_54501\"
		Debug.AspNetCompiler.Updateable = "true"
		Debug.AspNetCompiler.ForceOverwrite = "true"
		Debug.AspNetCompiler.FixedNames = "false"
		Debug.AspNetCompiler.Debug = "True"
		Release.AspNetCompiler.VirtualPath = "/localhost_54501"
		Release.AspNetCompiler.PhysicalPath = "..\IniU_Net\"
		Release.AspNetCompiler.TargetPath = "PrecompiledWeb\localhost_54501\"
		Release.AspNetCompiler.Updateable = "true"
		Release.AspNetCompiler.ForceOverwrite = "true"
		Release.AspNetCompiler.FixedNames = "false"
		Release.AspNetCompiler.Debug = "False"
		VWDPort = "54501"
		SlnRelativePath = "..\IniU_Net\"
		DefaultWebSiteLanguage = "Visual C#"
	EndProjectSection
EndProject
Global
	GlobalSection(SolutionConfigurationPlatforms) = preSolution
		Debug|Any CPU = Debug|Any CPU
	EndGlobalSection
	GlobalSection(ProjectConfigurationPlatforms) = postSolution
		{332C4FAC-B8D4-4B61-815E-98F072048F5D}.Debug|Any CPU.ActiveCfg = Debug|Any CPU
		{332C4FAC-B8D4-4B61-815E-98F072048F5D}.Debug|Any CPU.Build.0 = Debug|Any CPU
	EndGlobalSection
	GlobalSection(SolutionProperties) = preSolution
		HideSolutionNode = FALSE
	EndGlobalSection
	GlobalSection(ExtensibilityGlobals) = postSolution
		SolutionGuid = {E5382548-FEA7-431E-BF9B-E361A709BB3D}
	EndGlobalSection
EndGlobal
